
Microsoft Visual Studio Solution File, Format Version 12.00
# Visual Studio Version 17
VisualStudioVersion = 17.4.33213.308
MinimumVisualStudioVersion = 10.0.40219.1
Project("{FAE04EC0-301F-11D3-BF4B-00C04F79EFBC}") = "EmployeeAPI", "EmployeeAPI\EmployeeAPI.csproj", "{B92707F5-38E6-45F8-BA2E-5FFDE0851538}"
EndProject
Global
	GlobalSection(SolutionConfigurationPlatforms) = preSolution
		Debug|Any CPU = Debug|Any CPU
		Release|Any CPU = Release|Any CPU
	EndGlobalSection
	GlobalSection(ProjectConfigurationPlatforms) = postSolution
		{B92707F5-38E6-45F8-BA2E-5FFDE0851538}.Debug|Any CPU.ActiveCfg = Debug|Any CPU
		{B92707F5-38E6-45F8-BA2E-5FFDE0851538}.Debug|Any CPU.Build.0 = Debug|Any CPU
		{B92707F5-38E6-45F8-BA2E-5FFDE0851538}.Release|Any CPU.ActiveCfg = Release|Any CPU
		{B92707F5-38E6-45F8-BA2E-5FFDE0851538}.Release|Any CPU.Build.0 = Release|Any CPU
	EndGlobalSection
	GlobalSection(SolutionProperties) = preSolution
		HideSolutionNode = FALSE
	EndGlobalSection
	GlobalSection(ExtensibilityGlobals) = postSolution
		SolutionGuid = {7631ED89-C9CC-4929-B59B-0EB99A6EF3F1}
	EndGlobalSection
EndGlobal
